// !$*UTF8*$!
{
	archiveVersion = 1;
	classes = {
	};
	objectVersion = 50;
	objects = {

/* Begin PBXBuildFile section */
		F02F7620206B3B910096DC5C /* AppDelegate.swift in Sources */ = {isa = PBXBuildFile; fileRef = F02F761F206B3B910096DC5C /* AppDelegate.swift */; };
		F02F7622206B3B910096DC5C /* ViewController.swift in Sources */ = {isa = PBXBuildFile; fileRef = F02F7621206B3B910096DC5C /* ViewController.swift */; };
		F02F7625206B3B910096DC5C /* Main.storyboard in Resources */ = {isa = PBXBuildFile; fileRef = F02F7623206B3B910096DC5C /* Main.storyboard */; };
		F02F7627206B3B920096DC5C /* Assets.xcassets in Resources */ = {isa = PBXBuildFile; fileRef = F02F7626206B3B920096DC5C /* Assets.xcassets */; };
		F02F762A206B3B920096DC5C /* LaunchScreen.storyboard in Resources */ = {isa = PBXBuildFile; fileRef = F02F7628206B3B920096DC5C /* LaunchScreen.storyboard */; };
		F02F7636206B3EE50096DC5C /* Merge1.swift in Sources */ = {isa = PBXBuildFile; fileRef = F02F7635206B3EE50096DC5C /* Merge1.swift */; };
<<<<<<< HEAD


		F02F7638206B3F620096DC5C /* Merge2.swift in Sources */ = {isa = PBXBuildFile; fileRef = F02F7637206B3F620096DC5C /* Merge2.swift */; };

=======
		F02F7638206B3F620096DC5C /* Merge2.swift in Sources */ = {isa = PBXBuildFile; fileRef = F02F7637206B3F620096DC5C /* Merge2.swift */; };
>>>>>>> 19a44ba45a96bd9b68f1df4b2148d0d8965d7c91
/* End PBXBuildFile section */

/* Begin PBXFileReference section */
		F02F761C206B3B900096DC5C /* MergeRebase.app */ = {isa = PBXFileReference; explicitFileType = wrapper.application; includeInIndex = 0; path = MergeRebase.app; sourceTree = BUILT_PRODUCTS_DIR; };
		F02F761F206B3B910096DC5C /* AppDelegate.swift */ = {isa = PBXFileReference; lastKnownFileType = sourcecode.swift; path = AppDelegate.swift; sourceTree = "<group>"; };
		F02F7621206B3B910096DC5C /* ViewController.swift */ = {isa = PBXFileReference; lastKnownFileType = sourcecode.swift; path = ViewController.swift; sourceTree = "<group>"; };
		F02F7624206B3B910096DC5C /* Base */ = {isa = PBXFileReference; lastKnownFileType = file.storyboard; name = Base; path = Base.lproj/Main.storyboard; sourceTree = "<group>"; };
		F02F7626206B3B920096DC5C /* Assets.xcassets */ = {isa = PBXFileReference; lastKnownFileType = folder.assetcatalog; path = Assets.xcassets; sourceTree = "<group>"; };
		F02F7629206B3B920096DC5C /* Base */ = {isa = PBXFileReference; lastKnownFileType = file.storyboard; name = Base; path = Base.lproj/LaunchScreen.storyboard; sourceTree = "<group>"; };
		F02F762B206B3B920096DC5C /* Info.plist */ = {isa = PBXFileReference; lastKnownFileType = text.plist.xml; path = Info.plist; sourceTree = "<group>"; };
		F02F7635206B3EE50096DC5C /* Merge1.swift */ = {isa = PBXFileReference; lastKnownFileType = sourcecode.swift; path = Merge1.swift; sourceTree = "<group>"; };
<<<<<<< HEAD


		F02F7637206B3F620096DC5C /* Merge2.swift */ = {isa = PBXFileReference; lastKnownFileType = sourcecode.swift; path = Merge2.swift; sourceTree = "<group>"; };

=======
		F02F7637206B3F620096DC5C /* Merge2.swift */ = {isa = PBXFileReference; lastKnownFileType = sourcecode.swift; path = Merge2.swift; sourceTree = "<group>"; };
>>>>>>> 19a44ba45a96bd9b68f1df4b2148d0d8965d7c91
/* End PBXFileReference section */

/* Begin PBXFrameworksBuildPhase section */
		F02F7619206B3B900096DC5C /* Frameworks */ = {
			isa = PBXFrameworksBuildPhase;
			buildActionMask = 2147483647;
			files = (
			);
			runOnlyForDeploymentPostprocessing = 0;
		};
/* End PBXFrameworksBuildPhase section */

/* Begin PBXGroup section */
		F02F7613206B3B900096DC5C = {
			isa = PBXGroup;
			children = (
				F02F761E206B3B900096DC5C /* MergeRebase */,
				F02F761D206B3B900096DC5C /* Products */,
			);
			sourceTree = "<group>";
		};
		F02F761D206B3B900096DC5C /* Products */ = {
			isa = PBXGroup;
			children = (
				F02F761C206B3B900096DC5C /* MergeRebase.app */,
			);
			name = Products;
			sourceTree = "<group>";
		};
		F02F761E206B3B900096DC5C /* MergeRebase */ = {
			isa = PBXGroup;
			children = (
				F02F761F206B3B910096DC5C /* AppDelegate.swift */,
				F02F7621206B3B910096DC5C /* ViewController.swift */,
				F02F7623206B3B910096DC5C /* Main.storyboard */,
				F02F7626206B3B920096DC5C /* Assets.xcassets */,
				F02F7628206B3B920096DC5C /* LaunchScreen.storyboard */,
				F02F762B206B3B920096DC5C /* Info.plist */,
				F02F7635206B3EE50096DC5C /* Merge1.swift */,
<<<<<<< HEAD



				F02F7637206B3F620096DC5C /* Merge2.swift */,

=======
				F02F7637206B3F620096DC5C /* Merge2.swift */,
>>>>>>> 19a44ba45a96bd9b68f1df4b2148d0d8965d7c91
			);
			path = MergeRebase;
			sourceTree = "<group>";
		};
/* End PBXGroup section */

/* Begin PBXNativeTarget section */
		F02F761B206B3B900096DC5C /* MergeRebase */ = {
			isa = PBXNativeTarget;
			buildConfigurationList = F02F762E206B3B920096DC5C /* Build configuration list for PBXNativeTarget "MergeRebase" */;
			buildPhases = (
				F02F7618206B3B900096DC5C /* Sources */,
				F02F7619206B3B900096DC5C /* Frameworks */,
				F02F761A206B3B900096DC5C /* Resources */,
			);
			buildRules = (
			);
			dependencies = (
			);
			name = MergeRebase;
			productName = MergeRebase;
			productReference = F02F761C206B3B900096DC5C /* MergeRebase.app */;
			productType = "com.apple.product-type.application";
		};
/* End PBXNativeTarget section */

/* Begin PBXProject section */
		F02F7614206B3B900096DC5C /* Project object */ = {
			isa = PBXProject;
			attributes = {
				LastSwiftUpdateCheck = 0930;
				LastUpgradeCheck = 0930;
				ORGANIZATIONNAME = BKRApps;
				TargetAttributes = {
					F02F761B206B3B900096DC5C = {
						CreatedOnToolsVersion = 9.3;
					};
				};
			};
			buildConfigurationList = F02F7617206B3B900096DC5C /* Build configuration list for PBXProject "MergeRebase" */;
			compatibilityVersion = "Xcode 9.3";
			developmentRegion = en;
			hasScannedForEncodings = 0;
			knownRegions = (
				en,
				Base,
			);
			mainGroup = F02F7613206B3B900096DC5C;
			productRefGroup = F02F761D206B3B900096DC5C /* Products */;
			projectDirPath = "";
			projectRoot = "";
			targets = (
				F02F761B206B3B900096DC5C /* MergeRebase */,
			);
		};
/* End PBXProject section */

/* Begin PBXResourcesBuildPhase section */
		F02F761A206B3B900096DC5C /* Resources */ = {
			isa = PBXResourcesBuildPhase;
			buildActionMask = 2147483647;
			files = (
				F02F762A206B3B920096DC5C /* LaunchScreen.storyboard in Resources */,
				F02F7627206B3B920096DC5C /* Assets.xcassets in Resources */,
				F02F7625206B3B910096DC5C /* Main.storyboard in Resources */,
			);
			runOnlyForDeploymentPostprocessing = 0;
		};
/* End PBXResourcesBuildPhase section */

/* Begin PBXSourcesBuildPhase section */
		F02F7618206B3B900096DC5C /* Sources */ = {
			isa = PBXSourcesBuildPhase;
			buildActionMask = 2147483647;
			files = (
				F02F7638206B3F620096DC5C /* Merge2.swift in Sources */,
				F02F7622206B3B910096DC5C /* ViewController.swift in Sources */,
				F02F7620206B3B910096DC5C /* AppDelegate.swift in Sources */,
				F02F7636206B3EE50096DC5C /* Merge1.swift in Sources */,
			);
			runOnlyForDeploymentPostprocessing = 0;
		};
/* End PBXSourcesBuildPhase section */

/* Begin PBXVariantGroup section */
		F02F7623206B3B910096DC5C /* Main.storyboard */ = {
			isa = PBXVariantGroup;
			children = (
				F02F7624206B3B910096DC5C /* Base */,
			);
			name = Main.storyboard;
			sourceTree = "<group>";
		};
		F02F7628206B3B920096DC5C /* LaunchScreen.storyboard */ = {
			isa = PBXVariantGroup;
			children = (
				F02F7629206B3B920096DC5C /* Base */,
			);
			name = LaunchScreen.storyboard;
			sourceTree = "<group>";
		};
/* End PBXVariantGroup section */

/* Begin XCBuildConfiguration section */
		F02F762C206B3B920096DC5C /* Debug */ = {
			isa = XCBuildConfiguration;
			buildSettings = {
				ALWAYS_SEARCH_USER_PATHS = NO;
				CLANG_ANALYZER_NONNULL = YES;
				CLANG_ANALYZER_NUMBER_OBJECT_CONVERSION = YES_AGGRESSIVE;
				CLANG_CXX_LANGUAGE_STANDARD = "gnu++14";
				CLANG_CXX_LIBRARY = "libc++";
				CLANG_ENABLE_MODULES = YES;
				CLANG_ENABLE_OBJC_ARC = YES;
				CLANG_ENABLE_OBJC_WEAK = YES;
				CLANG_WARN_BLOCK_CAPTURE_AUTORELEASING = YES;
				CLANG_WARN_BOOL_CONVERSION = YES;
				CLANG_WARN_COMMA = YES;
				CLANG_WARN_CONSTANT_CONVERSION = YES;
				CLANG_WARN_DEPRECATED_OBJC_IMPLEMENTATIONS = YES;
				CLANG_WARN_DIRECT_OBJC_ISA_USAGE = YES_ERROR;
				CLANG_WARN_DOCUMENTATION_COMMENTS = YES;
				CLANG_WARN_EMPTY_BODY = YES;
				CLANG_WARN_ENUM_CONVERSION = YES;
				CLANG_WARN_INFINITE_RECURSION = YES;
				CLANG_WARN_INT_CONVERSION = YES;
				CLANG_WARN_NON_LITERAL_NULL_CONVERSION = YES;
				CLANG_WARN_OBJC_IMPLICIT_RETAIN_SELF = YES;
				CLANG_WARN_OBJC_LITERAL_CONVERSION = YES;
				CLANG_WARN_OBJC_ROOT_CLASS = YES_ERROR;
				CLANG_WARN_RANGE_LOOP_ANALYSIS = YES;
				CLANG_WARN_STRICT_PROTOTYPES = YES;
				CLANG_WARN_SUSPICIOUS_MOVE = YES;
				CLANG_WARN_UNGUARDED_AVAILABILITY = YES_AGGRESSIVE;
				CLANG_WARN_UNREACHABLE_CODE = YES;
				CLANG_WARN__DUPLICATE_METHOD_MATCH = YES;
				CODE_SIGN_IDENTITY = "iPhone Developer";
				COPY_PHASE_STRIP = NO;
				DEBUG_INFORMATION_FORMAT = dwarf;
				ENABLE_STRICT_OBJC_MSGSEND = YES;
				ENABLE_TESTABILITY = YES;
				GCC_C_LANGUAGE_STANDARD = gnu11;
				GCC_DYNAMIC_NO_PIC = NO;
				GCC_NO_COMMON_BLOCKS = YES;
				GCC_OPTIMIZATION_LEVEL = 0;
				GCC_PREPROCESSOR_DEFINITIONS = (
					"DEBUG=1",
					"$(inherited)",
				);
				GCC_WARN_64_TO_32_BIT_CONVERSION = YES;
				GCC_WARN_ABOUT_RETURN_TYPE = YES_ERROR;
				GCC_WARN_UNDECLARED_SELECTOR = YES;
				GCC_WARN_UNINITIALIZED_AUTOS = YES_AGGRESSIVE;
				GCC_WARN_UNUSED_FUNCTION = YES;
				GCC_WARN_UNUSED_VARIABLE = YES;
				IPHONEOS_DEPLOYMENT_TARGET = 11.3;
				MTL_ENABLE_DEBUG_INFO = YES;
				ONLY_ACTIVE_ARCH = YES;
				SDKROOT = iphoneos;
				SWIFT_ACTIVE_COMPILATION_CONDITIONS = DEBUG;
				SWIFT_OPTIMIZATION_LEVEL = "-Onone";
			};
			name = Debug;
		};
		F02F762D206B3B920096DC5C /* Release */ = {
			isa = XCBuildConfiguration;
			buildSettings = {
				ALWAYS_SEARCH_USER_PATHS = NO;
				CLANG_ANALYZER_NONNULL = YES;
				CLANG_ANALYZER_NUMBER_OBJECT_CONVERSION = YES_AGGRESSIVE;
				CLANG_CXX_LANGUAGE_STANDARD = "gnu++14";
				CLANG_CXX_LIBRARY = "libc++";
				CLANG_ENABLE_MODULES = YES;
				CLANG_ENABLE_OBJC_ARC = YES;
				CLANG_ENABLE_OBJC_WEAK = YES;
				CLANG_WARN_BLOCK_CAPTURE_AUTORELEASING = YES;
				CLANG_WARN_BOOL_CONVERSION = YES;
				CLANG_WARN_COMMA = YES;
				CLANG_WARN_CONSTANT_CONVERSION = YES;
				CLANG_WARN_DEPRECATED_OBJC_IMPLEMENTATIONS = YES;
				CLANG_WARN_DIRECT_OBJC_ISA_USAGE = YES_ERROR;
				CLANG_WARN_DOCUMENTATION_COMMENTS = YES;
				CLANG_WARN_EMPTY_BODY = YES;
				CLANG_WARN_ENUM_CONVERSION = YES;
				CLANG_WARN_INFINITE_RECURSION = YES;
				CLANG_WARN_INT_CONVERSION = YES;
				CLANG_WARN_NON_LITERAL_NULL_CONVERSION = YES;
				CLANG_WARN_OBJC_IMPLICIT_RETAIN_SELF = YES;
				CLANG_WARN_OBJC_LITERAL_CONVERSION = YES;
				CLANG_WARN_OBJC_ROOT_CLASS = YES_ERROR;
				CLANG_WARN_RANGE_LOOP_ANALYSIS = YES;
				CLANG_WARN_STRICT_PROTOTYPES = YES;
				CLANG_WARN_SUSPICIOUS_MOVE = YES;
				CLANG_WARN_UNGUARDED_AVAILABILITY = YES_AGGRESSIVE;
				CLANG_WARN_UNREACHABLE_CODE = YES;
				CLANG_WARN__DUPLICATE_METHOD_MATCH = YES;
				CODE_SIGN_IDENTITY = "iPhone Developer";
				COPY_PHASE_STRIP = NO;
				DEBUG_INFORMATION_FORMAT = "dwarf-with-dsym";
				ENABLE_NS_ASSERTIONS = NO;
				ENABLE_STRICT_OBJC_MSGSEND = YES;
				GCC_C_LANGUAGE_STANDARD = gnu11;
				GCC_NO_COMMON_BLOCKS = YES;
				GCC_WARN_64_TO_32_BIT_CONVERSION = YES;
				GCC_WARN_ABOUT_RETURN_TYPE = YES_ERROR;
				GCC_WARN_UNDECLARED_SELECTOR = YES;
				GCC_WARN_UNINITIALIZED_AUTOS = YES_AGGRESSIVE;
				GCC_WARN_UNUSED_FUNCTION = YES;
				GCC_WARN_UNUSED_VARIABLE = YES;
				IPHONEOS_DEPLOYMENT_TARGET = 11.3;
				MTL_ENABLE_DEBUG_INFO = NO;
				SDKROOT = iphoneos;
				SWIFT_COMPILATION_MODE = wholemodule;
				SWIFT_OPTIMIZATION_LEVEL = "-O";
				VALIDATE_PRODUCT = YES;
			};
			name = Release;
		};
		F02F762F206B3B920096DC5C /* Debug */ = {
			isa = XCBuildConfiguration;
			buildSettings = {
				ASSETCATALOG_COMPILER_APPICON_NAME = AppIcon;
				CODE_SIGN_STYLE = Automatic;
				INFOPLIST_FILE = MergeRebase/Info.plist;
				LD_RUNPATH_SEARCH_PATHS = (
					"$(inherited)",
					"@executable_path/Frameworks",
				);
				PRODUCT_BUNDLE_IDENTIFIER = com.bkrapps.mr.MergeRebase;
				PRODUCT_NAME = "$(TARGET_NAME)";
				SWIFT_VERSION = 4.0;
				TARGETED_DEVICE_FAMILY = "1,2";
			};
			name = Debug;
		};
		F02F7630206B3B920096DC5C /* Release */ = {
			isa = XCBuildConfiguration;
			buildSettings = {
				ASSETCATALOG_COMPILER_APPICON_NAME = AppIcon;
				CODE_SIGN_STYLE = Automatic;
				INFOPLIST_FILE = MergeRebase/Info.plist;
				LD_RUNPATH_SEARCH_PATHS = (
					"$(inherited)",
					"@executable_path/Frameworks",
				);
				PRODUCT_BUNDLE_IDENTIFIER = com.bkrapps.mr.MergeRebase;
				PRODUCT_NAME = "$(TARGET_NAME)";
				SWIFT_VERSION = 4.0;
				TARGETED_DEVICE_FAMILY = "1,2";
			};
			name = Release;
		};
/* End XCBuildConfiguration section */

/* Begin XCConfigurationList section */
		F02F7617206B3B900096DC5C /* Build configuration list for PBXProject "MergeRebase" */ = {
			isa = XCConfigurationList;
			buildConfigurations = (
				F02F762C206B3B920096DC5C /* Debug */,
				F02F762D206B3B920096DC5C /* Release */,
			);
			defaultConfigurationIsVisible = 0;
			defaultConfigurationName = Release;
		};
		F02F762E206B3B920096DC5C /* Build configuration list for PBXNativeTarget "MergeRebase" */ = {
			isa = XCConfigurationList;
			buildConfigurations = (
				F02F762F206B3B920096DC5C /* Debug */,
				F02F7630206B3B920096DC5C /* Release */,
			);
			defaultConfigurationIsVisible = 0;
			defaultConfigurationName = Release;
		};
/* End XCConfigurationList section */
	};
	rootObject = F02F7614206B3B900096DC5C /* Project object */;
}
